
Microsoft Visual Studio Solution File, Format Version 12.00
# Visual Studio Version 17
VisualStudioVersion = 17.6.33723.286
MinimumVisualStudioVersion = 10.0.40219.1
Project("{FAE04EC0-301F-11D3-BF4B-00C04F79EFBC}") = "urapani_un", "urapani_un\urapani_un.csproj", "{CBD86A7B-3E43-49C1-8B93-75498027AB44}"
EndProject
Global
	GlobalSection(SolutionConfigurationPlatforms) = preSolution
		Debug|Any CPU = Debug|Any CPU
		Release|Any CPU = Release|Any CPU
	EndGlobalSection
	GlobalSection(ProjectConfigurationPlatforms) = postSolution
		{CBD86A7B-3E43-49C1-8B93-75498027AB44}.Debug|Any CPU.ActiveCfg = Debug|Any CPU
		{CBD86A7B-3E43-49C1-8B93-75498027AB44}.Debug|Any CPU.Build.0 = Debug|Any CPU
		{CBD86A7B-3E43-49C1-8B93-75498027AB44}.Release|Any CPU.ActiveCfg = Release|Any CPU
		{CBD86A7B-3E43-49C1-8B93-75498027AB44}.Release|Any CPU.Build.0 = Release|Any CPU
	EndGlobalSection
	GlobalSection(SolutionProperties) = preSolution
		HideSolutionNode = FALSE
	EndGlobalSection
	GlobalSection(ExtensibilityGlobals) = postSolution
		SolutionGuid = {1255BD49-5D55-4D7C-94C6-C8A35DEC2D05}
	EndGlobalSection
EndGlobal
